// !$*UTF8*$!
{
	archiveVersion = 1;
	classes = {
	};
	objectVersion = 56;
	objects = {

/* Begin PBXBuildFile section */
		07C097142AFF17BB00FB508E /* learnaiApp.swift in Sources */ = {isa = PBXBuildFile; fileRef = 07C097132AFF17BB00FB508E /* learnaiApp.swift */; };
		07C097162AFF17BB00FB508E /* ContentView.swift in Sources */ = {isa = PBXBuildFile; fileRef = 07C097152AFF17BB00FB508E /* ContentView.swift */; };
		07C097182AFF17BC00FB508E /* Assets.xcassets in Resources */ = {isa = PBXBuildFile; fileRef = 07C097172AFF17BC00FB508E /* Assets.xcassets */; };
		07C0971B2AFF17BC00FB508E /* Preview Assets.xcassets in Resources */ = {isa = PBXBuildFile; fileRef = 07C0971A2AFF17BC00FB508E /* Preview Assets.xcassets */; };
		07C097262AFF1A5C00FB508E /* FeedView.swift in Sources */ = {isa = PBXBuildFile; fileRef = 07C097252AFF1A5C00FB508E /* FeedView.swift */; };
		07C097282AFF1AB100FB508E /* StoryContainerView.swift in Sources */ = {isa = PBXBuildFile; fileRef = 07C097272AFF1AB100FB508E /* StoryContainerView.swift */; };
		07C0972A2AFF1ACA00FB508E /* StoryView.swift in Sources */ = {isa = PBXBuildFile; fileRef = 07C097292AFF1ACA00FB508E /* StoryView.swift */; };
		07C0972C2AFF1AE300FB508E /* AuthManager.swift in Sources */ = {isa = PBXBuildFile; fileRef = 07C0972B2AFF1AE300FB508E /* AuthManager.swift */; };
		07C0972E2AFF1E9000FB508E /* UserInterestViewModel.swift in Sources */ = {isa = PBXBuildFile; fileRef = 07C0972D2AFF1E9000FB508E /* UserInterestViewModel.swift */; };
		07C097302AFF1EDC00FB508E /* InterestSelectionView.swift in Sources */ = {isa = PBXBuildFile; fileRef = 07C0972F2AFF1EDC00FB508E /* InterestSelectionView.swift */; };
		07C097322AFF1F7800FB508E /* MainView.swift in Sources */ = {isa = PBXBuildFile; fileRef = 07C097312AFF1F7800FB508E /* MainView.swift */; };
		07C097342AFF207500FB508E /* UserSessionViewModel.swift in Sources */ = {isa = PBXBuildFile; fileRef = 07C097332AFF207500FB508E /* UserSessionViewModel.swift */; };
		07C097362AFF20A100FB508E /* LoginView.swift in Sources */ = {isa = PBXBuildFile; fileRef = 07C097352AFF20A100FB508E /* LoginView.swift */; };
		07C097392AFF28ED00FB508E /* FontText.swift in Sources */ = {isa = PBXBuildFile; fileRef = 07C097382AFF28ED00FB508E /* FontText.swift */; };
		07CAA4A62AFFF072003F3814 /* SignUpView.swift in Sources */ = {isa = PBXBuildFile; fileRef = 07CAA4A52AFFF072003F3814 /* SignUpView.swift */; };
		07CAA4A92AFFF83F003F3814 /* Bitter-Regular.ttf in Resources */ = {isa = PBXBuildFile; fileRef = 07CAA4A82AFFF83F003F3814 /* Bitter-Regular.ttf */; };
		07CAA4AC2AFFFED7003F3814 /* Bitter-Bold.ttf in Resources */ = {isa = PBXBuildFile; fileRef = 07CAA4AB2AFFFED7003F3814 /* Bitter-Bold.ttf */; };
		07CAA4AF2B000502003F3814 /* FirebaseAnalytics in Frameworks */ = {isa = PBXBuildFile; productRef = 07CAA4AE2B000502003F3814 /* FirebaseAnalytics */; };
		07CAA4B12B000502003F3814 /* FirebaseAnalyticsOnDeviceConversion in Frameworks */ = {isa = PBXBuildFile; productRef = 07CAA4B02B000502003F3814 /* FirebaseAnalyticsOnDeviceConversion */; };
		07CAA4B32B000502003F3814 /* FirebaseAnalyticsSwift in Frameworks */ = {isa = PBXBuildFile; productRef = 07CAA4B22B000502003F3814 /* FirebaseAnalyticsSwift */; };
		07CAA4B52B000502003F3814 /* FirebaseAnalyticsWithoutAdIdSupport in Frameworks */ = {isa = PBXBuildFile; productRef = 07CAA4B42B000502003F3814 /* FirebaseAnalyticsWithoutAdIdSupport */; };
		07CAA4B72B000502003F3814 /* FirebaseAppCheck in Frameworks */ = {isa = PBXBuildFile; productRef = 07CAA4B62B000502003F3814 /* FirebaseAppCheck */; };
		07CAA4B92B000502003F3814 /* FirebaseAppDistribution-Beta in Frameworks */ = {isa = PBXBuildFile; productRef = 07CAA4B82B000502003F3814 /* FirebaseAppDistribution-Beta */; };
		07CAA4BB2B000502003F3814 /* FirebaseAuth in Frameworks */ = {isa = PBXBuildFile; productRef = 07CAA4BA2B000502003F3814 /* FirebaseAuth */; };
		07CAA4BD2B000502003F3814 /* FirebaseAuthCombine-Community in Frameworks */ = {isa = PBXBuildFile; productRef = 07CAA4BC2B000502003F3814 /* FirebaseAuthCombine-Community */; };
		07CAA4BF2B000502003F3814 /* FirebaseCrashlytics in Frameworks */ = {isa = PBXBuildFile; productRef = 07CAA4BE2B000502003F3814 /* FirebaseCrashlytics */; };
		07CAA4C12B000502003F3814 /* FirebaseDatabase in Frameworks */ = {isa = PBXBuildFile; productRef = 07CAA4C02B000502003F3814 /* FirebaseDatabase */; };
		07CAA4C32B000502003F3814 /* FirebaseDatabaseSwift in Frameworks */ = {isa = PBXBuildFile; productRef = 07CAA4C22B000502003F3814 /* FirebaseDatabaseSwift */; };
		07CAA4C52B000502003F3814 /* FirebaseDynamicLinks in Frameworks */ = {isa = PBXBuildFile; productRef = 07CAA4C42B000502003F3814 /* FirebaseDynamicLinks */; };
		07CAA4C72B000502003F3814 /* FirebaseFirestore in Frameworks */ = {isa = PBXBuildFile; productRef = 07CAA4C62B000502003F3814 /* FirebaseFirestore */; };
		07CAA4C92B000502003F3814 /* FirebaseFirestoreCombine-Community in Frameworks */ = {isa = PBXBuildFile; productRef = 07CAA4C82B000502003F3814 /* FirebaseFirestoreCombine-Community */; };
		07CAA4CB2B000502003F3814 /* FirebaseFirestoreSwift in Frameworks */ = {isa = PBXBuildFile; productRef = 07CAA4CA2B000502003F3814 /* FirebaseFirestoreSwift */; };
		07CAA4CD2B000502003F3814 /* FirebaseFunctions in Frameworks */ = {isa = PBXBuildFile; productRef = 07CAA4CC2B000502003F3814 /* FirebaseFunctions */; };
		07CAA4CF2B000502003F3814 /* FirebaseFunctionsCombine-Community in Frameworks */ = {isa = PBXBuildFile; productRef = 07CAA4CE2B000502003F3814 /* FirebaseFunctionsCombine-Community */; };
		07CAA4D12B000502003F3814 /* FirebaseInAppMessaging-Beta in Frameworks */ = {isa = PBXBuildFile; productRef = 07CAA4D02B000502003F3814 /* FirebaseInAppMessaging-Beta */; };
		07CAA4D32B000502003F3814 /* FirebaseInAppMessagingSwift-Beta in Frameworks */ = {isa = PBXBuildFile; productRef = 07CAA4D22B000502003F3814 /* FirebaseInAppMessagingSwift-Beta */; };
		07CAA4D52B000502003F3814 /* FirebaseInstallations in Frameworks */ = {isa = PBXBuildFile; productRef = 07CAA4D42B000502003F3814 /* FirebaseInstallations */; };
		07CAA4D72B000502003F3814 /* FirebaseMLModelDownloader in Frameworks */ = {isa = PBXBuildFile; productRef = 07CAA4D62B000502003F3814 /* FirebaseMLModelDownloader */; };
		07CAA4D92B000502003F3814 /* FirebaseMessaging in Frameworks */ = {isa = PBXBuildFile; productRef = 07CAA4D82B000502003F3814 /* FirebaseMessaging */; };
		07CAA4DB2B000502003F3814 /* FirebasePerformance in Frameworks */ = {isa = PBXBuildFile; productRef = 07CAA4DA2B000502003F3814 /* FirebasePerformance */; };
		07CAA4DD2B000502003F3814 /* FirebaseRemoteConfig in Frameworks */ = {isa = PBXBuildFile; productRef = 07CAA4DC2B000502003F3814 /* FirebaseRemoteConfig */; };
		07CAA4DF2B000502003F3814 /* FirebaseRemoteConfigSwift in Frameworks */ = {isa = PBXBuildFile; productRef = 07CAA4DE2B000502003F3814 /* FirebaseRemoteConfigSwift */; };
		07CAA4E12B000502003F3814 /* FirebaseStorage in Frameworks */ = {isa = PBXBuildFile; productRef = 07CAA4E02B000502003F3814 /* FirebaseStorage */; };
		07CAA4E32B000502003F3814 /* FirebaseStorageCombine-Community in Frameworks */ = {isa = PBXBuildFile; productRef = 07CAA4E22B000502003F3814 /* FirebaseStorageCombine-Community */; };
		07CAA4E52B0005BC003F3814 /* GoogleService-Info.plist in Resources */ = {isa = PBXBuildFile; fileRef = 07CAA4E42B0005BC003F3814 /* GoogleService-Info.plist */; };
		07CAA4E72B0026BC003F3814 /* APICaller.swift in Sources */ = {isa = PBXBuildFile; fileRef = 07CAA4E62B0026BC003F3814 /* APICaller.swift */; };
		07CAA4E92B003930003F3814 /* Story.swift in Sources */ = {isa = PBXBuildFile; fileRef = 07CAA4E82B003930003F3814 /* Story.swift */; };
		07CAA4EB2B003A3C003F3814 /* GetFactsResponse.swift in Sources */ = {isa = PBXBuildFile; fileRef = 07CAA4EA2B003A3C003F3814 /* GetFactsResponse.swift */; };
/* End PBXBuildFile section */

/* Begin PBXFileReference section */
		07C097102AFF17BB00FB508E /* learnai.app */ = {isa = PBXFileReference; explicitFileType = wrapper.application; includeInIndex = 0; path = learnai.app; sourceTree = BUILT_PRODUCTS_DIR; };
		07C097132AFF17BB00FB508E /* learnaiApp.swift */ = {isa = PBXFileReference; lastKnownFileType = sourcecode.swift; path = learnaiApp.swift; sourceTree = "<group>"; };
		07C097152AFF17BB00FB508E /* ContentView.swift */ = {isa = PBXFileReference; lastKnownFileType = sourcecode.swift; path = ContentView.swift; sourceTree = "<group>"; };
		07C097172AFF17BC00FB508E /* Assets.xcassets */ = {isa = PBXFileReference; lastKnownFileType = folder.assetcatalog; path = Assets.xcassets; sourceTree = "<group>"; };
		07C0971A2AFF17BC00FB508E /* Preview Assets.xcassets */ = {isa = PBXFileReference; lastKnownFileType = folder.assetcatalog; path = "Preview Assets.xcassets"; sourceTree = "<group>"; };
		07C097252AFF1A5C00FB508E /* FeedView.swift */ = {isa = PBXFileReference; lastKnownFileType = sourcecode.swift; path = FeedView.swift; sourceTree = "<group>"; };
		07C097272AFF1AB100FB508E /* StoryContainerView.swift */ = {isa = PBXFileReference; lastKnownFileType = sourcecode.swift; path = StoryContainerView.swift; sourceTree = "<group>"; };
		07C097292AFF1ACA00FB508E /* StoryView.swift */ = {isa = PBXFileReference; lastKnownFileType = sourcecode.swift; path = StoryView.swift; sourceTree = "<group>"; };
		07C0972B2AFF1AE300FB508E /* AuthManager.swift */ = {isa = PBXFileReference; lastKnownFileType = sourcecode.swift; path = AuthManager.swift; sourceTree = "<group>"; };
		07C0972D2AFF1E9000FB508E /* UserInterestViewModel.swift */ = {isa = PBXFileReference; lastKnownFileType = sourcecode.swift; path = UserInterestViewModel.swift; sourceTree = "<group>"; };
		07C0972F2AFF1EDC00FB508E /* InterestSelectionView.swift */ = {isa = PBXFileReference; lastKnownFileType = sourcecode.swift; path = InterestSelectionView.swift; sourceTree = "<group>"; };
		07C097312AFF1F7800FB508E /* MainView.swift */ = {isa = PBXFileReference; lastKnownFileType = sourcecode.swift; path = MainView.swift; sourceTree = "<group>"; };
		07C097332AFF207500FB508E /* UserSessionViewModel.swift */ = {isa = PBXFileReference; lastKnownFileType = sourcecode.swift; path = UserSessionViewModel.swift; sourceTree = "<group>"; };
		07C097352AFF20A100FB508E /* LoginView.swift */ = {isa = PBXFileReference; lastKnownFileType = sourcecode.swift; path = LoginView.swift; sourceTree = "<group>"; };
		07C097382AFF28ED00FB508E /* FontText.swift */ = {isa = PBXFileReference; lastKnownFileType = sourcecode.swift; path = FontText.swift; sourceTree = "<group>"; };
		07CAA4A52AFFF072003F3814 /* SignUpView.swift */ = {isa = PBXFileReference; lastKnownFileType = sourcecode.swift; path = SignUpView.swift; sourceTree = "<group>"; };
		07CAA4A82AFFF83F003F3814 /* Bitter-Regular.ttf */ = {isa = PBXFileReference; lastKnownFileType = file; path = "Bitter-Regular.ttf"; sourceTree = "<group>"; };
		07CAA4AA2AFFF9AD003F3814 /* Info.plist */ = {isa = PBXFileReference; lastKnownFileType = text.plist; path = Info.plist; sourceTree = "<group>"; };
		07CAA4AB2AFFFED7003F3814 /* Bitter-Bold.ttf */ = {isa = PBXFileReference; lastKnownFileType = file; path = "Bitter-Bold.ttf"; sourceTree = "<group>"; };
		07CAA4E42B0005BC003F3814 /* GoogleService-Info.plist */ = {isa = PBXFileReference; fileEncoding = 4; lastKnownFileType = text.plist.xml; path = "GoogleService-Info.plist"; sourceTree = "<group>"; };
		07CAA4E62B0026BC003F3814 /* APICaller.swift */ = {isa = PBXFileReference; lastKnownFileType = sourcecode.swift; path = APICaller.swift; sourceTree = "<group>"; };
		07CAA4E82B003930003F3814 /* Story.swift */ = {isa = PBXFileReference; lastKnownFileType = sourcecode.swift; name = Story.swift; path = learnai/Managers/Story.swift; sourceTree = SOURCE_ROOT; };
		07CAA4EA2B003A3C003F3814 /* GetFactsResponse.swift */ = {isa = PBXFileReference; lastKnownFileType = sourcecode.swift; name = GetFactsResponse.swift; path = learnai/Managers/GetFactsResponse.swift; sourceTree = SOURCE_ROOT; };
/* End PBXFileReference section */

/* Begin PBXFrameworksBuildPhase section */
		07C0970D2AFF17BB00FB508E /* Frameworks */ = {
			isa = PBXFrameworksBuildPhase;
			buildActionMask = 2147483647;
			files = (
				07CAA4C12B000502003F3814 /* FirebaseDatabase in Frameworks */,
				07CAA4CF2B000502003F3814 /* FirebaseFunctionsCombine-Community in Frameworks */,
				07CAA4C72B000502003F3814 /* FirebaseFirestore in Frameworks */,
				07CAA4B32B000502003F3814 /* FirebaseAnalyticsSwift in Frameworks */,
				07CAA4AF2B000502003F3814 /* FirebaseAnalytics in Frameworks */,
				07CAA4B12B000502003F3814 /* FirebaseAnalyticsOnDeviceConversion in Frameworks */,
				07CAA4D72B000502003F3814 /* FirebaseMLModelDownloader in Frameworks */,
				07CAA4CB2B000502003F3814 /* FirebaseFirestoreSwift in Frameworks */,
				07CAA4B72B000502003F3814 /* FirebaseAppCheck in Frameworks */,
				07CAA4B52B000502003F3814 /* FirebaseAnalyticsWithoutAdIdSupport in Frameworks */,
				07CAA4BB2B000502003F3814 /* FirebaseAuth in Frameworks */,
				07CAA4BF2B000502003F3814 /* FirebaseCrashlytics in Frameworks */,
				07CAA4DF2B000502003F3814 /* FirebaseRemoteConfigSwift in Frameworks */,
				07CAA4D12B000502003F3814 /* FirebaseInAppMessaging-Beta in Frameworks */,
				07CAA4C32B000502003F3814 /* FirebaseDatabaseSwift in Frameworks */,
				07CAA4CD2B000502003F3814 /* FirebaseFunctions in Frameworks */,
				07CAA4E32B000502003F3814 /* FirebaseStorageCombine-Community in Frameworks */,
				07CAA4DD2B000502003F3814 /* FirebaseRemoteConfig in Frameworks */,
				07CAA4B92B000502003F3814 /* FirebaseAppDistribution-Beta in Frameworks */,
				07CAA4BD2B000502003F3814 /* FirebaseAuthCombine-Community in Frameworks */,
				07CAA4DB2B000502003F3814 /* FirebasePerformance in Frameworks */,
				07CAA4D32B000502003F3814 /* FirebaseInAppMessagingSwift-Beta in Frameworks */,
				07CAA4E12B000502003F3814 /* FirebaseStorage in Frameworks */,
				07CAA4C52B000502003F3814 /* FirebaseDynamicLinks in Frameworks */,
				07CAA4C92B000502003F3814 /* FirebaseFirestoreCombine-Community in Frameworks */,
				07CAA4D92B000502003F3814 /* FirebaseMessaging in Frameworks */,
				07CAA4D52B000502003F3814 /* FirebaseInstallations in Frameworks */,
			);
			runOnlyForDeploymentPostprocessing = 0;
		};
/* End PBXFrameworksBuildPhase section */

/* Begin PBXGroup section */
		07C097072AFF17BB00FB508E = {
			isa = PBXGroup;
			children = (
				07C097122AFF17BB00FB508E /* learnai */,
				07C097112AFF17BB00FB508E /* Products */,
			);
			sourceTree = "<group>";
		};
		07C097112AFF17BB00FB508E /* Products */ = {
			isa = PBXGroup;
			children = (
				07C097102AFF17BB00FB508E /* learnai.app */,
			);
			name = Products;
			sourceTree = "<group>";
		};
		07C097122AFF17BB00FB508E /* learnai */ = {
			isa = PBXGroup;
			children = (
				07CAA4E42B0005BC003F3814 /* GoogleService-Info.plist */,
				07CAA4AA2AFFF9AD003F3814 /* Info.plist */,
				07CAA4A72AFFF7F2003F3814 /* Fonts */,
				07C097242AFF198400FB508E /* Managers */,
				07C097232AFF197000FB508E /* Views */,
				07C097222AFF196A00FB508E /* ViewModels */,
				07C097212AFF196500FB508E /* Models */,
				07C097132AFF17BB00FB508E /* learnaiApp.swift */,
				07C097152AFF17BB00FB508E /* ContentView.swift */,
				07C097172AFF17BC00FB508E /* Assets.xcassets */,
				07C097192AFF17BC00FB508E /* Preview Content */,
			);
			path = learnai;
			sourceTree = "<group>";
		};
		07C097192AFF17BC00FB508E /* Preview Content */ = {
			isa = PBXGroup;
			children = (
				07C0971A2AFF17BC00FB508E /* Preview Assets.xcassets */,
			);
			path = "Preview Content";
			sourceTree = "<group>";
		};
		07C097212AFF196500FB508E /* Models */ = {
			isa = PBXGroup;
			children = (
				07CAA4E82B003930003F3814 /* Story.swift */,
				07CAA4EA2B003A3C003F3814 /* GetFactsResponse.swift */,
			);
			path = Models;
			sourceTree = "<group>";
		};
		07C097222AFF196A00FB508E /* ViewModels */ = {
			isa = PBXGroup;
			children = (
				07C0972D2AFF1E9000FB508E /* UserInterestViewModel.swift */,
				07C097332AFF207500FB508E /* UserSessionViewModel.swift */,
			);
			path = ViewModels;
			sourceTree = "<group>";
		};
		07C097232AFF197000FB508E /* Views */ = {
			isa = PBXGroup;
			children = (
				07C097372AFF28D600FB508E /* Misc */,
				07C097252AFF1A5C00FB508E /* FeedView.swift */,
				07C097272AFF1AB100FB508E /* StoryContainerView.swift */,
				07C097292AFF1ACA00FB508E /* StoryView.swift */,
				07C0972F2AFF1EDC00FB508E /* InterestSelectionView.swift */,
				07C097312AFF1F7800FB508E /* MainView.swift */,
				07C097352AFF20A100FB508E /* LoginView.swift */,
				07CAA4A52AFFF072003F3814 /* SignUpView.swift */,
			);
			path = Views;
			sourceTree = "<group>";
		};
		07C097242AFF198400FB508E /* Managers */ = {
			isa = PBXGroup;
			children = (
				07C0972B2AFF1AE300FB508E /* AuthManager.swift */,
				07CAA4E62B0026BC003F3814 /* APICaller.swift */,
			);
			path = Managers;
			sourceTree = "<group>";
		};
		07C097372AFF28D600FB508E /* Misc */ = {
			isa = PBXGroup;
			children = (
				07C097382AFF28ED00FB508E /* FontText.swift */,
			);
			path = Misc;
			sourceTree = "<group>";
		};
		07CAA4A72AFFF7F2003F3814 /* Fonts */ = {
			isa = PBXGroup;
			children = (
				07CAA4AB2AFFFED7003F3814 /* Bitter-Bold.ttf */,
				07CAA4A82AFFF83F003F3814 /* Bitter-Regular.ttf */,
			);
			path = Fonts;
			sourceTree = "<group>";
		};
/* End PBXGroup section */

/* Begin PBXNativeTarget section */
		07C0970F2AFF17BB00FB508E /* learnai */ = {
			isa = PBXNativeTarget;
			buildConfigurationList = 07C0971E2AFF17BC00FB508E /* Build configuration list for PBXNativeTarget "learnai" */;
			buildPhases = (
				07C0970C2AFF17BB00FB508E /* Sources */,
				07C0970D2AFF17BB00FB508E /* Frameworks */,
				07C0970E2AFF17BB00FB508E /* Resources */,
			);
			buildRules = (
			);
			dependencies = (
			);
			name = learnai;
			packageProductDependencies = (
				07CAA4AE2B000502003F3814 /* FirebaseAnalytics */,
				07CAA4B02B000502003F3814 /* FirebaseAnalyticsOnDeviceConversion */,
				07CAA4B22B000502003F3814 /* FirebaseAnalyticsSwift */,
				07CAA4B42B000502003F3814 /* FirebaseAnalyticsWithoutAdIdSupport */,
				07CAA4B62B000502003F3814 /* FirebaseAppCheck */,
				07CAA4B82B000502003F3814 /* FirebaseAppDistribution-Beta */,
				07CAA4BA2B000502003F3814 /* FirebaseAuth */,
				07CAA4BC2B000502003F3814 /* FirebaseAuthCombine-Community */,
				07CAA4BE2B000502003F3814 /* FirebaseCrashlytics */,
				07CAA4C02B000502003F3814 /* FirebaseDatabase */,
				07CAA4C22B000502003F3814 /* FirebaseDatabaseSwift */,
				07CAA4C42B000502003F3814 /* FirebaseDynamicLinks */,
				07CAA4C62B000502003F3814 /* FirebaseFirestore */,
				07CAA4C82B000502003F3814 /* FirebaseFirestoreCombine-Community */,
				07CAA4CA2B000502003F3814 /* FirebaseFirestoreSwift */,
				07CAA4CC2B000502003F3814 /* FirebaseFunctions */,
				07CAA4CE2B000502003F3814 /* FirebaseFunctionsCombine-Community */,
				07CAA4D02B000502003F3814 /* FirebaseInAppMessaging-Beta */,
				07CAA4D22B000502003F3814 /* FirebaseInAppMessagingSwift-Beta */,
				07CAA4D42B000502003F3814 /* FirebaseInstallations */,
				07CAA4D62B000502003F3814 /* FirebaseMLModelDownloader */,
				07CAA4D82B000502003F3814 /* FirebaseMessaging */,
				07CAA4DA2B000502003F3814 /* FirebasePerformance */,
				07CAA4DC2B000502003F3814 /* FirebaseRemoteConfig */,
				07CAA4DE2B000502003F3814 /* FirebaseRemoteConfigSwift */,
				07CAA4E02B000502003F3814 /* FirebaseStorage */,
				07CAA4E22B000502003F3814 /* FirebaseStorageCombine-Community */,
			);
			productName = learnai;
			productReference = 07C097102AFF17BB00FB508E /* learnai.app */;
			productType = "com.apple.product-type.application";
		};
/* End PBXNativeTarget section */

/* Begin PBXProject section */
		07C097082AFF17BB00FB508E /* Project object */ = {
			isa = PBXProject;
			attributes = {
				BuildIndependentTargetsInParallel = 1;
				LastSwiftUpdateCheck = 1500;
				LastUpgradeCheck = 1500;
				TargetAttributes = {
					07C0970F2AFF17BB00FB508E = {
						CreatedOnToolsVersion = 15.0.1;
					};
				};
			};
			buildConfigurationList = 07C0970B2AFF17BB00FB508E /* Build configuration list for PBXProject "learnai" */;
			compatibilityVersion = "Xcode 14.0";
			developmentRegion = en;
			hasScannedForEncodings = 0;
			knownRegions = (
				en,
				Base,
			);
			mainGroup = 07C097072AFF17BB00FB508E;
			packageReferences = (
				07CAA4AD2B000502003F3814 /* XCRemoteSwiftPackageReference "firebase-ios-sdk" */,
			);
			productRefGroup = 07C097112AFF17BB00FB508E /* Products */;
			projectDirPath = "";
			projectRoot = "";
			targets = (
				07C0970F2AFF17BB00FB508E /* learnai */,
			);
		};
/* End PBXProject section */

/* Begin PBXResourcesBuildPhase section */
		07C0970E2AFF17BB00FB508E /* Resources */ = {
			isa = PBXResourcesBuildPhase;
			buildActionMask = 2147483647;
			files = (
				07CAA4E52B0005BC003F3814 /* GoogleService-Info.plist in Resources */,
				07CAA4A92AFFF83F003F3814 /* Bitter-Regular.ttf in Resources */,
				07C0971B2AFF17BC00FB508E /* Preview Assets.xcassets in Resources */,
				07C097182AFF17BC00FB508E /* Assets.xcassets in Resources */,
				07CAA4AC2AFFFED7003F3814 /* Bitter-Bold.ttf in Resources */,
			);
			runOnlyForDeploymentPostprocessing = 0;
		};
/* End PBXResourcesBuildPhase section */

/* Begin PBXSourcesBuildPhase section */
		07C0970C2AFF17BB00FB508E /* Sources */ = {
			isa = PBXSourcesBuildPhase;
			buildActionMask = 2147483647;
			files = (
				07C0972E2AFF1E9000FB508E /* UserInterestViewModel.swift in Sources */,
				07CAA4EB2B003A3C003F3814 /* GetFactsResponse.swift in Sources */,
				07C097322AFF1F7800FB508E /* MainView.swift in Sources */,
				07C0972A2AFF1ACA00FB508E /* StoryView.swift in Sources */,
				07CAA4E72B0026BC003F3814 /* APICaller.swift in Sources */,
				07C0972C2AFF1AE300FB508E /* AuthManager.swift in Sources */,
				07C097162AFF17BB00FB508E /* ContentView.swift in Sources */,
				07C097262AFF1A5C00FB508E /* FeedView.swift in Sources */,
				07C097342AFF207500FB508E /* UserSessionViewModel.swift in Sources */,
				07C097302AFF1EDC00FB508E /* InterestSelectionView.swift in Sources */,
				07CAA4A62AFFF072003F3814 /* SignUpView.swift in Sources */,
				07C097362AFF20A100FB508E /* LoginView.swift in Sources */,
				07C097392AFF28ED00FB508E /* FontText.swift in Sources */,
				07C097142AFF17BB00FB508E /* learnaiApp.swift in Sources */,
				07C097282AFF1AB100FB508E /* StoryContainerView.swift in Sources */,
				07CAA4E92B003930003F3814 /* Story.swift in Sources */,
			);
			runOnlyForDeploymentPostprocessing = 0;
		};
/* End PBXSourcesBuildPhase section */

/* Begin XCBuildConfiguration section */
		07C0971C2AFF17BC00FB508E /* Debug */ = {
			isa = XCBuildConfiguration;
			buildSettings = {
				ALWAYS_SEARCH_USER_PATHS = NO;
				ASSETCATALOG_COMPILER_GENERATE_SWIFT_ASSET_SYMBOL_EXTENSIONS = YES;
				CLANG_ANALYZER_NONNULL = YES;
				CLANG_ANALYZER_NUMBER_OBJECT_CONVERSION = YES_AGGRESSIVE;
				CLANG_CXX_LANGUAGE_STANDARD = "gnu++20";
				CLANG_ENABLE_MODULES = YES;
				CLANG_ENABLE_OBJC_ARC = YES;
				CLANG_ENABLE_OBJC_WEAK = YES;
				CLANG_WARN_BLOCK_CAPTURE_AUTORELEASING = YES;
				CLANG_WARN_BOOL_CONVERSION = YES;
				CLANG_WARN_COMMA = YES;
				CLANG_WARN_CONSTANT_CONVERSION = YES;
				CLANG_WARN_DEPRECATED_OBJC_IMPLEMENTATIONS = YES;
				CLANG_WARN_DIRECT_OBJC_ISA_USAGE = YES_ERROR;
				CLANG_WARN_DOCUMENTATION_COMMENTS = YES;
				CLANG_WARN_EMPTY_BODY = YES;
				CLANG_WARN_ENUM_CONVERSION = YES;
				CLANG_WARN_INFINITE_RECURSION = YES;
				CLANG_WARN_INT_CONVERSION = YES;
				CLANG_WARN_NON_LITERAL_NULL_CONVERSION = YES;
				CLANG_WARN_OBJC_IMPLICIT_RETAIN_SELF = YES;
				CLANG_WARN_OBJC_LITERAL_CONVERSION = YES;
				CLANG_WARN_OBJC_ROOT_CLASS = YES_ERROR;
				CLANG_WARN_QUOTED_INCLUDE_IN_FRAMEWORK_HEADER = YES;
				CLANG_WARN_RANGE_LOOP_ANALYSIS = YES;
				CLANG_WARN_STRICT_PROTOTYPES = YES;
				CLANG_WARN_SUSPICIOUS_MOVE = YES;
				CLANG_WARN_UNGUARDED_AVAILABILITY = YES_AGGRESSIVE;
				CLANG_WARN_UNREACHABLE_CODE = YES;
				CLANG_WARN__DUPLICATE_METHOD_MATCH = YES;
				COPY_PHASE_STRIP = NO;
				DEBUG_INFORMATION_FORMAT = dwarf;
				ENABLE_STRICT_OBJC_MSGSEND = YES;
				ENABLE_TESTABILITY = YES;
				ENABLE_USER_SCRIPT_SANDBOXING = YES;
				GCC_C_LANGUAGE_STANDARD = gnu17;
				GCC_DYNAMIC_NO_PIC = NO;
				GCC_NO_COMMON_BLOCKS = YES;
				GCC_OPTIMIZATION_LEVEL = 0;
				GCC_PREPROCESSOR_DEFINITIONS = (
					"DEBUG=1",
					"$(inherited)",
				);
				GCC_WARN_64_TO_32_BIT_CONVERSION = YES;
				GCC_WARN_ABOUT_RETURN_TYPE = YES_ERROR;
				GCC_WARN_UNDECLARED_SELECTOR = YES;
				GCC_WARN_UNINITIALIZED_AUTOS = YES_AGGRESSIVE;
				GCC_WARN_UNUSED_FUNCTION = YES;
				GCC_WARN_UNUSED_VARIABLE = YES;
				IPHONEOS_DEPLOYMENT_TARGET = 17.0;
				LOCALIZATION_PREFERS_STRING_CATALOGS = YES;
				MTL_ENABLE_DEBUG_INFO = INCLUDE_SOURCE;
				MTL_FAST_MATH = YES;
				ONLY_ACTIVE_ARCH = YES;
				SDKROOT = iphoneos;
				SWIFT_ACTIVE_COMPILATION_CONDITIONS = "DEBUG $(inherited)";
				SWIFT_OPTIMIZATION_LEVEL = "-Onone";
			};
			name = Debug;
		};
		07C0971D2AFF17BC00FB508E /* Release */ = {
			isa = XCBuildConfiguration;
			buildSettings = {
				ALWAYS_SEARCH_USER_PATHS = NO;
				ASSETCATALOG_COMPILER_GENERATE_SWIFT_ASSET_SYMBOL_EXTENSIONS = YES;
				CLANG_ANALYZER_NONNULL = YES;
				CLANG_ANALYZER_NUMBER_OBJECT_CONVERSION = YES_AGGRESSIVE;
				CLANG_CXX_LANGUAGE_STANDARD = "gnu++20";
				CLANG_ENABLE_MODULES = YES;
				CLANG_ENABLE_OBJC_ARC = YES;
				CLANG_ENABLE_OBJC_WEAK = YES;
				CLANG_WARN_BLOCK_CAPTURE_AUTORELEASING = YES;
				CLANG_WARN_BOOL_CONVERSION = YES;
				CLANG_WARN_COMMA = YES;
				CLANG_WARN_CONSTANT_CONVERSION = YES;
				CLANG_WARN_DEPRECATED_OBJC_IMPLEMENTATIONS = YES;
				CLANG_WARN_DIRECT_OBJC_ISA_USAGE = YES_ERROR;
				CLANG_WARN_DOCUMENTATION_COMMENTS = YES;
				CLANG_WARN_EMPTY_BODY = YES;
				CLANG_WARN_ENUM_CONVERSION = YES;
				CLANG_WARN_INFINITE_RECURSION = YES;
				CLANG_WARN_INT_CONVERSION = YES;
				CLANG_WARN_NON_LITERAL_NULL_CONVERSION = YES;
				CLANG_WARN_OBJC_IMPLICIT_RETAIN_SELF = YES;
				CLANG_WARN_OBJC_LITERAL_CONVERSION = YES;
				CLANG_WARN_OBJC_ROOT_CLASS = YES_ERROR;
				CLANG_WARN_QUOTED_INCLUDE_IN_FRAMEWORK_HEADER = YES;
				CLANG_WARN_RANGE_LOOP_ANALYSIS = YES;
				CLANG_WARN_STRICT_PROTOTYPES = YES;
				CLANG_WARN_SUSPICIOUS_MOVE = YES;
				CLANG_WARN_UNGUARDED_AVAILABILITY = YES_AGGRESSIVE;
				CLANG_WARN_UNREACHABLE_CODE = YES;
				CLANG_WARN__DUPLICATE_METHOD_MATCH = YES;
				COPY_PHASE_STRIP = NO;
				DEBUG_INFORMATION_FORMAT = "dwarf-with-dsym";
				ENABLE_NS_ASSERTIONS = NO;
				ENABLE_STRICT_OBJC_MSGSEND = YES;
				ENABLE_USER_SCRIPT_SANDBOXING = YES;
				GCC_C_LANGUAGE_STANDARD = gnu17;
				GCC_NO_COMMON_BLOCKS = YES;
				GCC_WARN_64_TO_32_BIT_CONVERSION = YES;
				GCC_WARN_ABOUT_RETURN_TYPE = YES_ERROR;
				GCC_WARN_UNDECLARED_SELECTOR = YES;
				GCC_WARN_UNINITIALIZED_AUTOS = YES_AGGRESSIVE;
				GCC_WARN_UNUSED_FUNCTION = YES;
				GCC_WARN_UNUSED_VARIABLE = YES;
				IPHONEOS_DEPLOYMENT_TARGET = 17.0;
				LOCALIZATION_PREFERS_STRING_CATALOGS = YES;
				MTL_ENABLE_DEBUG_INFO = NO;
				MTL_FAST_MATH = YES;
				SDKROOT = iphoneos;
				SWIFT_COMPILATION_MODE = wholemodule;
				VALIDATE_PRODUCT = YES;
			};
			name = Release;
		};
		07C0971F2AFF17BC00FB508E /* Debug */ = {
			isa = XCBuildConfiguration;
			buildSettings = {
				ASSETCATALOG_COMPILER_APPICON_NAME = AppIcon;
				ASSETCATALOG_COMPILER_GLOBAL_ACCENT_COLOR_NAME = AccentColor;
				CODE_SIGN_STYLE = Automatic;
				CURRENT_PROJECT_VERSION = 1;
				DEVELOPMENT_ASSET_PATHS = "\"learnai/Preview Content\"";
				DEVELOPMENT_TEAM = QGVXS24BDK;
				ENABLE_PREVIEWS = YES;
				GENERATE_INFOPLIST_FILE = YES;
				INFOPLIST_FILE = learnai/Info.plist;
				INFOPLIST_KEY_LSApplicationCategoryType = "\"\"";
				INFOPLIST_KEY_UIApplicationSceneManifest_Generation = YES;
				INFOPLIST_KEY_UIApplicationSupportsIndirectInputEvents = YES;
				INFOPLIST_KEY_UILaunchScreen_Generation = YES;
				INFOPLIST_KEY_UISupportedInterfaceOrientations_iPad = "UIInterfaceOrientationPortrait UIInterfaceOrientationPortraitUpsideDown UIInterfaceOrientationLandscapeLeft UIInterfaceOrientationLandscapeRight";
				INFOPLIST_KEY_UISupportedInterfaceOrientations_iPhone = "UIInterfaceOrientationPortrait UIInterfaceOrientationLandscapeLeft UIInterfaceOrientationLandscapeRight";
				LD_RUNPATH_SEARCH_PATHS = (
					"$(inherited)",
					"@executable_path/Frameworks",
				);
				MARKETING_VERSION = 1.0;
				PRODUCT_BUNDLE_IDENTIFIER = aidan.learnai;
				PRODUCT_NAME = "$(TARGET_NAME)";
				SWIFT_EMIT_LOC_STRINGS = YES;
				SWIFT_VERSION = 5.0;
				TARGETED_DEVICE_FAMILY = "1,2";
			};
			name = Debug;
		};
		07C097202AFF17BC00FB508E /* Release */ = {
			isa = XCBuildConfiguration;
			buildSettings = {
				ASSETCATALOG_COMPILER_APPICON_NAME = AppIcon;
				ASSETCATALOG_COMPILER_GLOBAL_ACCENT_COLOR_NAME = AccentColor;
				CODE_SIGN_STYLE = Automatic;
				CURRENT_PROJECT_VERSION = 1;
				DEVELOPMENT_ASSET_PATHS = "\"learnai/Preview Content\"";
				DEVELOPMENT_TEAM = QGVXS24BDK;
				ENABLE_PREVIEWS = YES;
				GENERATE_INFOPLIST_FILE = YES;
				INFOPLIST_FILE = learnai/Info.plist;
				INFOPLIST_KEY_LSApplicationCategoryType = "\"\"";
				INFOPLIST_KEY_UIApplicationSceneManifest_Generation = YES;
				INFOPLIST_KEY_UIApplicationSupportsIndirectInputEvents = YES;
				INFOPLIST_KEY_UILaunchScreen_Generation = YES;
				INFOPLIST_KEY_UISupportedInterfaceOrientations_iPad = "UIInterfaceOrientationPortrait UIInterfaceOrientationPortraitUpsideDown UIInterfaceOrientationLandscapeLeft UIInterfaceOrientationLandscapeRight";
				INFOPLIST_KEY_UISupportedInterfaceOrientations_iPhone = "UIInterfaceOrientationPortrait UIInterfaceOrientationLandscapeLeft UIInterfaceOrientationLandscapeRight";
				LD_RUNPATH_SEARCH_PATHS = (
					"$(inherited)",
					"@executable_path/Frameworks",
				);
				MARKETING_VERSION = 1.0;
				PRODUCT_BUNDLE_IDENTIFIER = aidan.learnai;
				PRODUCT_NAME = "$(TARGET_NAME)";
				SWIFT_EMIT_LOC_STRINGS = YES;
				SWIFT_VERSION = 5.0;
				TARGETED_DEVICE_FAMILY = "1,2";
			};
			name = Release;
		};
/* End XCBuildConfiguration section */

/* Begin XCConfigurationList section */
		07C0970B2AFF17BB00FB508E /* Build configuration list for PBXProject "learnai" */ = {
			isa = XCConfigurationList;
			buildConfigurations = (
				07C0971C2AFF17BC00FB508E /* Debug */,
				07C0971D2AFF17BC00FB508E /* Release */,
			);
			defaultConfigurationIsVisible = 0;
			defaultConfigurationName = Release;
		};
		07C0971E2AFF17BC00FB508E /* Build configuration list for PBXNativeTarget "learnai" */ = {
			isa = XCConfigurationList;
			buildConfigurations = (
				07C0971F2AFF17BC00FB508E /* Debug */,
				07C097202AFF17BC00FB508E /* Release */,
			);
			defaultConfigurationIsVisible = 0;
			defaultConfigurationName = Release;
		};
/* End XCConfigurationList section */

/* Begin XCRemoteSwiftPackageReference section */
		07CAA4AD2B000502003F3814 /* XCRemoteSwiftPackageReference "firebase-ios-sdk" */ = {
			isa = XCRemoteSwiftPackageReference;
			repositoryURL = "https://github.com/firebase/firebase-ios-sdk";
			requirement = {
				kind = upToNextMajorVersion;
				minimumVersion = 10.17.0;
			};
		};
/* End XCRemoteSwiftPackageReference section */

/* Begin XCSwiftPackageProductDependency section */
		07CAA4AE2B000502003F3814 /* FirebaseAnalytics */ = {
			isa = XCSwiftPackageProductDependency;
			package = 07CAA4AD2B000502003F3814 /* XCRemoteSwiftPackageReference "firebase-ios-sdk" */;
			productName = FirebaseAnalytics;
		};
		07CAA4B02B000502003F3814 /* FirebaseAnalyticsOnDeviceConversion */ = {
			isa = XCSwiftPackageProductDependency;
			package = 07CAA4AD2B000502003F3814 /* XCRemoteSwiftPackageReference "firebase-ios-sdk" */;
			productName = FirebaseAnalyticsOnDeviceConversion;
		};
		07CAA4B22B000502003F3814 /* FirebaseAnalyticsSwift */ = {
			isa = XCSwiftPackageProductDependency;
			package = 07CAA4AD2B000502003F3814 /* XCRemoteSwiftPackageReference "firebase-ios-sdk" */;
			productName = FirebaseAnalyticsSwift;
		};
		07CAA4B42B000502003F3814 /* FirebaseAnalyticsWithoutAdIdSupport */ = {
			isa = XCSwiftPackageProductDependency;
			package = 07CAA4AD2B000502003F3814 /* XCRemoteSwiftPackageReference "firebase-ios-sdk" */;
			productName = FirebaseAnalyticsWithoutAdIdSupport;
		};
		07CAA4B62B000502003F3814 /* FirebaseAppCheck */ = {
			isa = XCSwiftPackageProductDependency;
			package = 07CAA4AD2B000502003F3814 /* XCRemoteSwiftPackageReference "firebase-ios-sdk" */;
			productName = FirebaseAppCheck;
		};
		07CAA4B82B000502003F3814 /* FirebaseAppDistribution-Beta */ = {
			isa = XCSwiftPackageProductDependency;
			package = 07CAA4AD2B000502003F3814 /* XCRemoteSwiftPackageReference "firebase-ios-sdk" */;
			productName = "FirebaseAppDistribution-Beta";
		};
		07CAA4BA2B000502003F3814 /* FirebaseAuth */ = {
			isa = XCSwiftPackageProductDependency;
			package = 07CAA4AD2B000502003F3814 /* XCRemoteSwiftPackageReference "firebase-ios-sdk" */;
			productName = FirebaseAuth;
		};
		07CAA4BC2B000502003F3814 /* FirebaseAuthCombine-Community */ = {
			isa = XCSwiftPackageProductDependency;
			package = 07CAA4AD2B000502003F3814 /* XCRemoteSwiftPackageReference "firebase-ios-sdk" */;
			productName = "FirebaseAuthCombine-Community";
		};
		07CAA4BE2B000502003F3814 /* FirebaseCrashlytics */ = {
			isa = XCSwiftPackageProductDependency;
			package = 07CAA4AD2B000502003F3814 /* XCRemoteSwiftPackageReference "firebase-ios-sdk" */;
			productName = FirebaseCrashlytics;
		};
		07CAA4C02B000502003F3814 /* FirebaseDatabase */ = {
			isa = XCSwiftPackageProductDependency;
			package = 07CAA4AD2B000502003F3814 /* XCRemoteSwiftPackageReference "firebase-ios-sdk" */;
			productName = FirebaseDatabase;
		};
		07CAA4C22B000502003F3814 /* FirebaseDatabaseSwift */ = {
			isa = XCSwiftPackageProductDependency;
			package = 07CAA4AD2B000502003F3814 /* XCRemoteSwiftPackageReference "firebase-ios-sdk" */;
			productName = FirebaseDatabaseSwift;
		};
		07CAA4C42B000502003F3814 /* FirebaseDynamicLinks */ = {
			isa = XCSwiftPackageProductDependency;
			package = 07CAA4AD2B000502003F3814 /* XCRemoteSwiftPackageReference "firebase-ios-sdk" */;
			productName = FirebaseDynamicLinks;
		};
		07CAA4C62B000502003F3814 /* FirebaseFirestore */ = {
			isa = XCSwiftPackageProductDependency;
			package = 07CAA4AD2B000502003F3814 /* XCRemoteSwiftPackageReference "firebase-ios-sdk" */;
			productName = FirebaseFirestore;
		};
		07CAA4C82B000502003F3814 /* FirebaseFirestoreCombine-Community */ = {
			isa = XCSwiftPackageProductDependency;
			package = 07CAA4AD2B000502003F3814 /* XCRemoteSwiftPackageReference "firebase-ios-sdk" */;
			productName = "FirebaseFirestoreCombine-Community";
		};
		07CAA4CA2B000502003F3814 /* FirebaseFirestoreSwift */ = {
			isa = XCSwiftPackageProductDependency;
			package = 07CAA4AD2B000502003F3814 /* XCRemoteSwiftPackageReference "firebase-ios-sdk" */;
			productName = FirebaseFirestoreSwift;
		};
		07CAA4CC2B000502003F3814 /* FirebaseFunctions */ = {
			isa = XCSwiftPackageProductDependency;
			package = 07CAA4AD2B000502003F3814 /* XCRemoteSwiftPackageReference "firebase-ios-sdk" */;
			productName = FirebaseFunctions;
		};
		07CAA4CE2B000502003F3814 /* FirebaseFunctionsCombine-Community */ = {
			isa = XCSwiftPackageProductDependency;
			package = 07CAA4AD2B000502003F3814 /* XCRemoteSwiftPackageReference "firebase-ios-sdk" */;
			productName = "FirebaseFunctionsCombine-Community";
		};
		07CAA4D02B000502003F3814 /* FirebaseInAppMessaging-Beta */ = {
			isa = XCSwiftPackageProductDependency;
			package = 07CAA4AD2B000502003F3814 /* XCRemoteSwiftPackageReference "firebase-ios-sdk" */;
			productName = "FirebaseInAppMessaging-Beta";
		};
		07CAA4D22B000502003F3814 /* FirebaseInAppMessagingSwift-Beta */ = {
			isa = XCSwiftPackageProductDependency;
			package = 07CAA4AD2B000502003F3814 /* XCRemoteSwiftPackageReference "firebase-ios-sdk" */;
			productName = "FirebaseInAppMessagingSwift-Beta";
		};
		07CAA4D42B000502003F3814 /* FirebaseInstallations */ = {
			isa = XCSwiftPackageProductDependency;
			package = 07CAA4AD2B000502003F3814 /* XCRemoteSwiftPackageReference "firebase-ios-sdk" */;
			productName = FirebaseInstallations;
		};
		07CAA4D62B000502003F3814 /* FirebaseMLModelDownloader */ = {
			isa = XCSwiftPackageProductDependency;
			package = 07CAA4AD2B000502003F3814 /* XCRemoteSwiftPackageReference "firebase-ios-sdk" */;
			productName = FirebaseMLModelDownloader;
		};
		07CAA4D82B000502003F3814 /* FirebaseMessaging */ = {
			isa = XCSwiftPackageProductDependency;
			package = 07CAA4AD2B000502003F3814 /* XCRemoteSwiftPackageReference "firebase-ios-sdk" */;
			productName = FirebaseMessaging;
		};
		07CAA4DA2B000502003F3814 /* FirebasePerformance */ = {
			isa = XCSwiftPackageProductDependency;
			package = 07CAA4AD2B000502003F3814 /* XCRemoteSwiftPackageReference "firebase-ios-sdk" */;
			productName = FirebasePerformance;
		};
		07CAA4DC2B000502003F3814 /* FirebaseRemoteConfig */ = {
			isa = XCSwiftPackageProductDependency;
			package = 07CAA4AD2B000502003F3814 /* XCRemoteSwiftPackageReference "firebase-ios-sdk" */;
			productName = FirebaseRemoteConfig;
		};
		07CAA4DE2B000502003F3814 /* FirebaseRemoteConfigSwift */ = {
			isa = XCSwiftPackageProductDependency;
			package = 07CAA4AD2B000502003F3814 /* XCRemoteSwiftPackageReference "firebase-ios-sdk" */;
			productName = FirebaseRemoteConfigSwift;
		};
		07CAA4E02B000502003F3814 /* FirebaseStorage */ = {
			isa = XCSwiftPackageProductDependency;
			package = 07CAA4AD2B000502003F3814 /* XCRemoteSwiftPackageReference "firebase-ios-sdk" */;
			productName = FirebaseStorage;
		};
		07CAA4E22B000502003F3814 /* FirebaseStorageCombine-Community */ = {
			isa = XCSwiftPackageProductDependency;
			package = 07CAA4AD2B000502003F3814 /* XCRemoteSwiftPackageReference "firebase-ios-sdk" */;
			productName = "FirebaseStorageCombine-Community";
		};
/* End XCSwiftPackageProductDependency section */
	};
	rootObject = 07C097082AFF17BB00FB508E /* Project object */;
}
